
Microsoft Visual Studio Solution File, Format Version 12.00
# Visual Studio Version 17
VisualStudioVersion = 17.7.34018.315
MinimumVisualStudioVersion = 10.0.40219.1
Project("{9A19103F-16F7-4668-BE54-9A1E7A4F7556}") = "MiprimerAPPP", "MiprimerAPPP\MiprimerAPPP.csproj", "{C851AD80-5AF8-42AA-8E41-7EA484CE377E}"
EndProject
Project("{9A19103F-16F7-4668-BE54-9A1E7A4F7556}") = "AppDesktop", "AppDesktop\AppDesktop.csproj", "{10EC0BD0-9904-4DF5-8065-4F74B7051BAA}"
EndProject
Global
	GlobalSection(SolutionConfigurationPlatforms) = preSolution
		Debug|Any CPU = Debug|Any CPU
		Release|Any CPU = Release|Any CPU
	EndGlobalSection
	GlobalSection(ProjectConfigurationPlatforms) = postSolution
		{C851AD80-5AF8-42AA-8E41-7EA484CE377E}.Debug|Any CPU.ActiveCfg = Debug|Any CPU
		{C851AD80-5AF8-42AA-8E41-7EA484CE377E}.Debug|Any CPU.Build.0 = Debug|Any CPU
		{C851AD80-5AF8-42AA-8E41-7EA484CE377E}.Release|Any CPU.ActiveCfg = Release|Any CPU
		{C851AD80-5AF8-42AA-8E41-7EA484CE377E}.Release|Any CPU.Build.0 = Release|Any CPU
		{10EC0BD0-9904-4DF5-8065-4F74B7051BAA}.Debug|Any CPU.ActiveCfg = Debug|Any CPU
		{10EC0BD0-9904-4DF5-8065-4F74B7051BAA}.Debug|Any CPU.Build.0 = Debug|Any CPU
		{10EC0BD0-9904-4DF5-8065-4F74B7051BAA}.Release|Any CPU.ActiveCfg = Release|Any CPU
		{10EC0BD0-9904-4DF5-8065-4F74B7051BAA}.Release|Any CPU.Build.0 = Release|Any CPU
	EndGlobalSection
	GlobalSection(SolutionProperties) = preSolution
		HideSolutionNode = FALSE
	EndGlobalSection
	GlobalSection(ExtensibilityGlobals) = postSolution
		SolutionGuid = {45766D5D-91B2-493C-B7DE-D086841E8FF8}
	EndGlobalSection
EndGlobal
